
Microsoft Visual Studio Solution File, Format Version 12.00
# Visual Studio Version 17
VisualStudioVersion = 17.9.34714.143
MinimumVisualStudioVersion = 10.0.40219.1
Project("{9A19103F-16F7-4668-BE54-9A1E7A4F7556}") = "RFIDBlazor", "RFIDBlazor\RFIDBlazor.csproj", "{09C8A200-E7A0-4D31-A906-F784647AB461}"
EndProject
Global
	GlobalSection(SolutionConfigurationPlatforms) = preSolution
		Debug|Any CPU = Debug|Any CPU
		Release|Any CPU = Release|Any CPU
	EndGlobalSection
	GlobalSection(ProjectConfigurationPlatforms) = postSolution
		{09C8A200-E7A0-4D31-A906-F784647AB461}.Debug|Any CPU.ActiveCfg = Debug|Any CPU
		{09C8A200-E7A0-4D31-A906-F784647AB461}.Debug|Any CPU.Build.0 = Debug|Any CPU
		{09C8A200-E7A0-4D31-A906-F784647AB461}.Release|Any CPU.ActiveCfg = Release|Any CPU
		{09C8A200-E7A0-4D31-A906-F784647AB461}.Release|Any CPU.Build.0 = Release|Any CPU
	EndGlobalSection
	GlobalSection(SolutionProperties) = preSolution
		HideSolutionNode = FALSE
	EndGlobalSection
	GlobalSection(ExtensibilityGlobals) = postSolution
		SolutionGuid = {58495022-9453-43D4-83E3-00CC34E634A6}
	EndGlobalSection
EndGlobal
